// !$*UTF8*$!
{
	archiveVersion = 1;
	classes = {
	};
	objectVersion = 46;
	objects = {

/* Begin PBXBuildFile section */
		71640ED11BB2E6D600D9F0DC /* AppDelegate.swift in Sources */ = {isa = PBXBuildFile; fileRef = 71640ED01BB2E6D600D9F0DC /* AppDelegate.swift */; };
		71640ED31BB2E6D600D9F0DC /* ViewController.swift in Sources */ = {isa = PBXBuildFile; fileRef = 71640ED21BB2E6D600D9F0DC /* ViewController.swift */; };
		71640ED81BB2E6D600D9F0DC /* Assets.xcassets in Resources */ = {isa = PBXBuildFile; fileRef = 71640ED71BB2E6D600D9F0DC /* Assets.xcassets */; };
		71640EDB1BB2E6D600D9F0DC /* LaunchScreen.storyboard in Resources */ = {isa = PBXBuildFile; fileRef = 71640ED91BB2E6D600D9F0DC /* LaunchScreen.storyboard */; };
		71640EE31BB2E75100D9F0DC /* Main.storyboard in Resources */ = {isa = PBXBuildFile; fileRef = 71640EE21BB2E75100D9F0DC /* Main.storyboard */; settings = {ASSET_TAGS = (); }; };
/* End PBXBuildFile section */

/* Begin PBXFileReference section */
		71640ECD1BB2E6D600D9F0DC /* ReadableTextColorByImage.app */ = {isa = PBXFileReference; explicitFileType = wrapper.application; includeInIndex = 0; path = ReadableTextColorByImage.app; sourceTree = BUILT_PRODUCTS_DIR; };
		71640ED01BB2E6D600D9F0DC /* AppDelegate.swift */ = {isa = PBXFileReference; lastKnownFileType = sourcecode.swift; path = AppDelegate.swift; sourceTree = "<group>"; };
		71640ED21BB2E6D600D9F0DC /* ViewController.swift */ = {isa = PBXFileReference; lastKnownFileType = sourcecode.swift; path = ViewController.swift; sourceTree = "<group>"; };
		71640ED71BB2E6D600D9F0DC /* Assets.xcassets */ = {isa = PBXFileReference; lastKnownFileType = folder.assetcatalog; path = Assets.xcassets; sourceTree = "<group>"; };
		71640EDA1BB2E6D600D9F0DC /* Base */ = {isa = PBXFileReference; lastKnownFileType = file.storyboard; name = Base; path = Base.lproj/LaunchScreen.storyboard; sourceTree = "<group>"; };
		71640EDC1BB2E6D600D9F0DC /* Info.plist */ = {isa = PBXFileReference; lastKnownFileType = text.plist.xml; path = Info.plist; sourceTree = "<group>"; };
		71640EE21BB2E75100D9F0DC /* Main.storyboard */ = {isa = PBXFileReference; fileEncoding = 4; lastKnownFileType = file.storyboard; path = Main.storyboard; sourceTree = "<group>"; };
/* End PBXFileReference section */

/* Begin PBXFrameworksBuildPhase section */
		71640ECA1BB2E6D600D9F0DC /* Frameworks */ = {
			isa = PBXFrameworksBuildPhase;
			buildActionMask = 2147483647;
			files = (
			);
			runOnlyForDeploymentPostprocessing = 0;
		};
/* End PBXFrameworksBuildPhase section */

/* Begin PBXGroup section */
		71640EC41BB2E6D600D9F0DC = {
			isa = PBXGroup;
			children = (
				71640ECF1BB2E6D600D9F0DC /* ReadableTextColorByImage */,
				71640ECE1BB2E6D600D9F0DC /* Products */,
			);
			sourceTree = "<group>";
		};
		71640ECE1BB2E6D600D9F0DC /* Products */ = {
			isa = PBXGroup;
			children = (
				71640ECD1BB2E6D600D9F0DC /* ReadableTextColorByImage.app */,
			);
			name = Products;
			sourceTree = "<group>";
		};
		71640ECF1BB2E6D600D9F0DC /* ReadableTextColorByImage */ = {
			isa = PBXGroup;
			children = (
				71640ED01BB2E6D600D9F0DC /* AppDelegate.swift */,
				71640ED21BB2E6D600D9F0DC /* ViewController.swift */,
				71640EE21BB2E75100D9F0DC /* Main.storyboard */,
				71640ED71BB2E6D600D9F0DC /* Assets.xcassets */,
				71640ED91BB2E6D600D9F0DC /* LaunchScreen.storyboard */,
				71640EDC1BB2E6D600D9F0DC /* Info.plist */,
			);
			path = ReadableTextColorByImage;
			sourceTree = "<group>";
		};
/* End PBXGroup section */

/* Begin PBXNativeTarget section */
		71640ECC1BB2E6D600D9F0DC /* ReadableTextColorByImage */ = {
			isa = PBXNativeTarget;
			buildConfigurationList = 71640EDF1BB2E6D600D9F0DC /* Build configuration list for PBXNativeTarget "ReadableTextColorByImage" */;
			buildPhases = (
				71640EC91BB2E6D600D9F0DC /* Sources */,
				71640ECA1BB2E6D600D9F0DC /* Frameworks */,
				71640ECB1BB2E6D600D9F0DC /* Resources */,
			);
			buildRules = (
			);
			dependencies = (
			);
			name = ReadableTextColorByImage;
			productName = ReadableTextColorByImage;
			productReference = 71640ECD1BB2E6D600D9F0DC /* ReadableTextColorByImage.app */;
			productType = "com.apple.product-type.application";
		};
/* End PBXNativeTarget section */

/* Begin PBXProject section */
		71640EC51BB2E6D600D9F0DC /* Project object */ = {
			isa = PBXProject;
			attributes = {
				LastUpgradeCheck = 0700;
				ORGANIZATIONNAME = RayPS;
				TargetAttributes = {
					71640ECC1BB2E6D600D9F0DC = {
						CreatedOnToolsVersion = 7.0;
					};
				};
			};
			buildConfigurationList = 71640EC81BB2E6D600D9F0DC /* Build configuration list for PBXProject "ReadableTextColorByImage" */;
			compatibilityVersion = "Xcode 3.2";
			developmentRegion = English;
			hasScannedForEncodings = 0;
			knownRegions = (
				en,
				Base,
			);
			mainGroup = 71640EC41BB2E6D600D9F0DC;
			productRefGroup = 71640ECE1BB2E6D600D9F0DC /* Products */;
			projectDirPath = "";
			projectRoot = "";
			targets = (
				71640ECC1BB2E6D600D9F0DC /* ReadableTextColorByImage */,
			);
		};
/* End PBXProject section */

/* Begin PBXResourcesBuildPhase section */
		71640ECB1BB2E6D600D9F0DC /* Resources */ = {
			isa = PBXResourcesBuildPhase;
			buildActionMask = 2147483647;
			files = (
				71640EE31BB2E75100D9F0DC /* Main.storyboard in Resources */,
				71640EDB1BB2E6D600D9F0DC /* LaunchScreen.storyboard in Resources */,
				71640ED81BB2E6D600D9F0DC /* Assets.xcassets in Resources */,
			);
			runOnlyForDeploymentPostprocessing = 0;
		};
/* End PBXResourcesBuildPhase section */

/* Begin PBXSourcesBuildPhase section */
		71640EC91BB2E6D600D9F0DC /* Sources */ = {
			isa = PBXSourcesBuildPhase;
			buildActionMask = 2147483647;
			files = (
				71640ED31BB2E6D600D9F0DC /* ViewController.swift in Sources */,
				71640ED11BB2E6D600D9F0DC /* AppDelegate.swift in Sources */,
			);
			runOnlyForDeploymentPostprocessing = 0;
		};
/* End PBXSourcesBuildPhase section */

/* Begin PBXVariantGroup section */
		71640ED91BB2E6D600D9F0DC /* LaunchScreen.storyboard */ = {
			isa = PBXVariantGroup;
			children = (
				71640EDA1BB2E6D600D9F0DC /* Base */,
			);
			name = LaunchScreen.storyboard;
			sourceTree = "<group>";
		};
/* End PBXVariantGroup section */

/* Begin XCBuildConfiguration section */
		71640EDD1BB2E6D600D9F0DC /* Debug */ = {
			isa = XCBuildConfiguration;
			buildSettings = {
				ALWAYS_SEARCH_USER_PATHS = NO;
				CLANG_CXX_LANGUAGE_STANDARD = "gnu++0x";
				CLANG_CXX_LIBRARY = "libc++";
				CLANG_ENABLE_MODULES = YES;
				CLANG_ENABLE_OBJC_ARC = YES;
				CLANG_WARN_BOOL_CONVERSION = YES;
				CLANG_WARN_CONSTANT_CONVERSION = YES;
				CLANG_WARN_DIRECT_OBJC_ISA_USAGE = YES_ERROR;
				CLANG_WARN_EMPTY_BODY = YES;
				CLANG_WARN_ENUM_CONVERSION = YES;
				CLANG_WARN_INT_CONVERSION = YES;
				CLANG_WARN_OBJC_ROOT_CLASS = YES_ERROR;
				CLANG_WARN_UNREACHABLE_CODE = YES;
				CLANG_WARN__DUPLICATE_METHOD_MATCH = YES;
				"CODE_SIGN_IDENTITY[sdk=iphoneos*]" = "iPhone Developer";
				COPY_PHASE_STRIP = NO;
				DEBUG_INFORMATION_FORMAT = dwarf;
				ENABLE_STRICT_OBJC_MSGSEND = YES;
				ENABLE_TESTABILITY = YES;
				GCC_C_LANGUAGE_STANDARD = gnu99;
				GCC_DYNAMIC_NO_PIC = NO;
				GCC_NO_COMMON_BLOCKS = YES;
				GCC_OPTIMIZATION_LEVEL = 0;
				GCC_PREPROCESSOR_DEFINITIONS = (
					"DEBUG=1",
					"$(inherited)",
				);
				GCC_WARN_64_TO_32_BIT_CONVERSION = YES;
				GCC_WARN_ABOUT_RETURN_TYPE = YES_ERROR;
				GCC_WARN_UNDECLARED_SELECTOR = YES;
				GCC_WARN_UNINITIALIZED_AUTOS = YES_AGGRESSIVE;
				GCC_WARN_UNUSED_FUNCTION = YES;
				GCC_WARN_UNUSED_VARIABLE = YES;
				IPHONEOS_DEPLOYMENT_TARGET = 9.0;
				MTL_ENABLE_DEBUG_INFO = YES;
				ONLY_ACTIVE_ARCH = YES;
				SDKROOT = iphoneos;
				SWIFT_OPTIMIZATION_LEVEL = "-Onone";
				TARGETED_DEVICE_FAMILY = "1,2";
			};
			name = Debug;
		};
		71640EDE1BB2E6D600D9F0DC /* Release */ = {
			isa = XCBuildConfiguration;
			buildSettings = {
				ALWAYS_SEARCH_USER_PATHS = NO;
				CLANG_CXX_LANGUAGE_STANDARD = "gnu++0x";
				CLANG_CXX_LIBRARY = "libc++";
				CLANG_ENABLE_MODULES = YES;
				CLANG_ENABLE_OBJC_ARC = YES;
				CLANG_WARN_BOOL_CONVERSION = YES;
				CLANG_WARN_CONSTANT_CONVERSION = YES;
				CLANG_WARN_DIRECT_OBJC_ISA_USAGE = YES_ERROR;
				CLANG_WARN_EMPTY_BODY = YES;
				CLANG_WARN_ENUM_CONVERSION = YES;
				CLANG_WARN_INT_CONVERSION = YES;
				CLANG_WARN_OBJC_ROOT_CLASS = YES_ERROR;
				CLANG_WARN_UNREACHABLE_CODE = YES;
				CLANG_WARN__DUPLICATE_METHOD_MATCH = YES;
				"CODE_SIGN_IDENTITY[sdk=iphoneos*]" = "iPhone Developer";
				COPY_PHASE_STRIP = NO;
				DEBUG_INFORMATION_FORMAT = "dwarf-with-dsym";
				ENABLE_NS_ASSERTIONS = NO;
				ENABLE_STRICT_OBJC_MSGSEND = YES;
				GCC_C_LANGUAGE_STANDARD = gnu99;
				GCC_NO_COMMON_BLOCKS = YES;
				GCC_WARN_64_TO_32_BIT_CONVERSION = YES;
				GCC_WARN_ABOUT_RETURN_TYPE = YES_ERROR;
				GCC_WARN_UNDECLARED_SELECTOR = YES;
				GCC_WARN_UNINITIALIZED_AUTOS = YES_AGGRESSIVE;
				GCC_WARN_UNUSED_FUNCTION = YES;
				GCC_WARN_UNUSED_VARIABLE = YES;
				IPHONEOS_DEPLOYMENT_TARGET = 9.0;
				MTL_ENABLE_DEBUG_INFO = NO;
				SDKROOT = iphoneos;
				TARGETED_DEVICE_FAMILY = "1,2";
				VALIDATE_PRODUCT = YES;
			};
			name = Release;
		};
		71640EE01BB2E6D600D9F0DC /* Debug */ = {
			isa = XCBuildConfiguration;
			buildSettings = {
				ASSETCATALOG_COMPILER_APPICON_NAME = AppIcon;
				INFOPLIST_FILE = ReadableTextColorByImage/Info.plist;
				LD_RUNPATH_SEARCH_PATHS = "$(inherited) @executable_path/Frameworks";
				PRODUCT_BUNDLE_IDENTIFIER = com.rayps.ReadableTextColorByImage;
				PRODUCT_NAME = "$(TARGET_NAME)";
			};
			name = Debug;
		};
		71640EE11BB2E6D600D9F0DC /* Release */ = {
			isa = XCBuildConfiguration;
			buildSettings = {
				ASSETCATALOG_COMPILER_APPICON_NAME = AppIcon;
				INFOPLIST_FILE = ReadableTextColorByImage/Info.plist;
				LD_RUNPATH_SEARCH_PATHS = "$(inherited) @executable_path/Frameworks";
				PRODUCT_BUNDLE_IDENTIFIER = com.rayps.ReadableTextColorByImage;
				PRODUCT_NAME = "$(TARGET_NAME)";
			};
			name = Release;
		};
/* End XCBuildConfiguration section */

/* Begin XCConfigurationList section */
		71640EC81BB2E6D600D9F0DC /* Build configuration list for PBXProject "ReadableTextColorByImage" */ = {
			isa = XCConfigurationList;
			buildConfigurations = (
				71640EDD1BB2E6D600D9F0DC /* Debug */,
				71640EDE1BB2E6D600D9F0DC /* Release */,
			);
			defaultConfigurationIsVisible = 0;
			defaultConfigurationName = Release;
		};
		71640EDF1BB2E6D600D9F0DC /* Build configuration list for PBXNativeTarget "ReadableTextColorByImage" */ = {
			isa = XCConfigurationList;
			buildConfigurations = (
				71640EE01BB2E6D600D9F0DC /* Debug */,
				71640EE11BB2E6D600D9F0DC /* Release */,
			);
			defaultConfigurationIsVisible = 0;
		};
/* End XCConfigurationList section */
	};
	rootObject = 71640EC51BB2E6D600D9F0DC /* Project object */;
}
